
Microsoft Visual Studio Solution File, Format Version 12.00
# Visual Studio 14
VisualStudioVersion = 14.0.25420.1
MinimumVisualStudioVersion = 10.0.40219.1
Project("{FAE04EC0-301F-11D3-BF4B-00C04F79EFBC}") = "OCRSDKTest", "OCRSDKTestTool\OCRSDKTest.csproj", "{93AE8D2E-247F-4260-8DCB-3DB81564D0EE}"
EndProject
Project("{8BC9CEB8-8B4A-11D0-8D11-00A0C91BC942}") = "DocumentSDKComponent", "D:\Projects\伝匠\02.Projects\03.DocumentSDK\DocumentSDKComponent\DocumentSDKComponent.vcxproj", "{1A3BA818-4EBE-4427-BF01-6F71BE3D6960}"
EndProject
Project("{8BC9CEB8-8B4A-11D0-8D11-00A0C91BC942}") = "DocumentSDKInterface", "D:\Projects\伝匠\02.Projects\03.DocumentSDK\DocumentSDKInterface\DocumentSDKInterface.vcxproj", "{5CFF9C2C-D1B2-4455-9577-75B2C72A4739}"
EndProject
Project("{8BC9CEB8-8B4A-11D0-8D11-00A0C91BC942}") = "DocumentSDKCommon", "D:\Projects\伝匠\02.Projects\03.DocumentSDK\DocumentSDKCommon\DocumentSDKCommon.vcxproj", "{EC2DA998-9548-4440-BA9D-01E96901CB6C}"
EndProject
Project("{8BC9CEB8-8B4A-11D0-8D11-00A0C91BC942}") = "HocrSDKInterface", "D:\Projects\伝匠\02.Projects\03.DocumentSDK\HocrSDKInterface\HocrSDKInterface.vcxproj", "{83EBF6C9-58AC-467C-95A3-379B4CE86473}"
EndProject
Project("{8BC9CEB8-8B4A-11D0-8D11-00A0C91BC942}") = "HocrSDKComponent", "D:\Projects\伝匠\02.Projects\03.DocumentSDK\HocrSDKComponent\HocrSDKComponent.vcxproj", "{74575CB9-E28A-4191-9543-D60D71ECC75E}"
EndProject
Project("{8BC9CEB8-8B4A-11D0-8D11-00A0C91BC942}") = "JocrSDKInterface", "D:\Projects\伝匠\02.Projects\03.DocumentSDK\JocrSDKInterface\JocrSDKInterface.vcxproj", "{5567D65D-357A-4007-8B8C-E16A1F41EEB8}"
EndProject
Project("{8BC9CEB8-8B4A-11D0-8D11-00A0C91BC942}") = "JocrSDKComponent", "D:\Projects\伝匠\02.Projects\03.DocumentSDK\JocrSDKComponent\JocrSDKComponent.vcxproj", "{349B89F6-380B-4607-BD79-9784075C2FE0}"
EndProject
Project("{8BC9CEB8-8B4A-11D0-8D11-00A0C91BC942}") = "DenshowNativeCommon", "D:\Projects\伝匠\02.Projects\02.Libs\DenshowNativeCommon\DenshowNativeCommon.vcxproj", "{FE1354B2-2C8A-4E06-8C84-5FC8F5124B86}"
EndProject
Project("{FAE04EC0-301F-11D3-BF4B-00C04F79EFBC}") = "zxing.NET461", "Lib\Base\Source\lib\zxing.NET461.csproj", "{24074395-0196-4204-B516-CB6DBA2FC4B9}"
EndProject
Project("{8BC9CEB8-8B4A-11D0-8D11-00A0C91BC942}") = "FormSDKInterface", "..\伝匠\02.Projects\03.DocumentSDK\FormSDKInterface\FormSDKInterface.vcxproj", "{5587ACC7-96E6-4D67-903A-EE3C799C4D7A}"
EndProject
Project("{8BC9CEB8-8B4A-11D0-8D11-00A0C91BC942}") = "FormSDKComponent", "..\伝匠\02.Projects\03.DocumentSDK\FormSDKComponent\FormSDKComponent.vcxproj", "{5C751E40-4A12-4FBC-9ABD-CB10C7CD719D}"
EndProject
Project("{8BC9CEB8-8B4A-11D0-8D11-00A0C91BC942}") = "DoOcrSDKInterface", "..\伝匠\02.Projects\03.DocumentSDK\DoOcrSDKInterface\DoOcrSDKInterface.vcxproj", "{86BE95B5-CA9C-4BF6-A7ED-6A40F8F061CF}"
EndProject
Project("{8BC9CEB8-8B4A-11D0-8D11-00A0C91BC942}") = "DoOcrSDKComponent", "..\伝匠\02.Projects\03.DocumentSDK\DoOcrSDKComponent\DoOcrSDKComponent.vcxproj", "{7596203A-3CC8-487C-AFD4-6A6A29F72996}"
EndProject
Global
	GlobalSection(SolutionConfigurationPlatforms) = preSolution
		Coverage|Any CPU = Coverage|Any CPU
		Coverage|Mixed Platforms = Coverage|Mixed Platforms
		Coverage|Win32 = Coverage|Win32
		Coverage|x64 = Coverage|x64
		Debug|Any CPU = Debug|Any CPU
		Debug|Mixed Platforms = Debug|Mixed Platforms
		Debug|Win32 = Debug|Win32
		Debug|x64 = Debug|x64
		Release|Any CPU = Release|Any CPU
		Release|Mixed Platforms = Release|Mixed Platforms
		Release|Win32 = Release|Win32
		Release|x64 = Release|x64
	EndGlobalSection
	GlobalSection(ProjectConfigurationPlatforms) = postSolution
		{93AE8D2E-247F-4260-8DCB-3DB81564D0EE}.Coverage|Any CPU.ActiveCfg = Release|Any CPU
		{93AE8D2E-247F-4260-8DCB-3DB81564D0EE}.Coverage|Any CPU.Build.0 = Release|Any CPU
		{93AE8D2E-247F-4260-8DCB-3DB81564D0EE}.Coverage|Mixed Platforms.ActiveCfg = Release|Any CPU
		{93AE8D2E-247F-4260-8DCB-3DB81564D0EE}.Coverage|Mixed Platforms.Build.0 = Release|Any CPU
		{93AE8D2E-247F-4260-8DCB-3DB81564D0EE}.Coverage|Win32.ActiveCfg = Release|Any CPU
		{93AE8D2E-247F-4260-8DCB-3DB81564D0EE}.Coverage|x64.ActiveCfg = Release|x64
		{93AE8D2E-247F-4260-8DCB-3DB81564D0EE}.Coverage|x64.Build.0 = Release|x64
		{93AE8D2E-247F-4260-8DCB-3DB81564D0EE}.Debug|Any CPU.ActiveCfg = Debug|Any CPU
		{93AE8D2E-247F-4260-8DCB-3DB81564D0EE}.Debug|Any CPU.Build.0 = Debug|Any CPU
		{93AE8D2E-247F-4260-8DCB-3DB81564D0EE}.Debug|Mixed Platforms.ActiveCfg = Debug|x64
		{93AE8D2E-247F-4260-8DCB-3DB81564D0EE}.Debug|Mixed Platforms.Build.0 = Debug|x64
		{93AE8D2E-247F-4260-8DCB-3DB81564D0EE}.Debug|Win32.ActiveCfg = Debug|Any CPU
		{93AE8D2E-247F-4260-8DCB-3DB81564D0EE}.Debug|x64.ActiveCfg = Debug|x64
		{93AE8D2E-247F-4260-8DCB-3DB81564D0EE}.Debug|x64.Build.0 = Debug|x64
		{93AE8D2E-247F-4260-8DCB-3DB81564D0EE}.Release|Any CPU.ActiveCfg = Release|Any CPU
		{93AE8D2E-247F-4260-8DCB-3DB81564D0EE}.Release|Any CPU.Build.0 = Release|Any CPU
		{93AE8D2E-247F-4260-8DCB-3DB81564D0EE}.Release|Mixed Platforms.ActiveCfg = Release|Any CPU
		{93AE8D2E-247F-4260-8DCB-3DB81564D0EE}.Release|Mixed Platforms.Build.0 = Release|Any CPU
		{93AE8D2E-247F-4260-8DCB-3DB81564D0EE}.Release|Win32.ActiveCfg = Release|Any CPU
		{93AE8D2E-247F-4260-8DCB-3DB81564D0EE}.Release|x64.ActiveCfg = Release|Any CPU
		{1A3BA818-4EBE-4427-BF01-6F71BE3D6960}.Coverage|Any CPU.ActiveCfg = Release|x64
		{1A3BA818-4EBE-4427-BF01-6F71BE3D6960}.Coverage|Mixed Platforms.ActiveCfg = Release|x64
		{1A3BA818-4EBE-4427-BF01-6F71BE3D6960}.Coverage|Mixed Platforms.Build.0 = Release|x64
		{1A3BA818-4EBE-4427-BF01-6F71BE3D6960}.Coverage|Win32.ActiveCfg = Release|x64
		{1A3BA818-4EBE-4427-BF01-6F71BE3D6960}.Coverage|x64.ActiveCfg = Release|x64
		{1A3BA818-4EBE-4427-BF01-6F71BE3D6960}.Coverage|x64.Build.0 = Release|x64
		{1A3BA818-4EBE-4427-BF01-6F71BE3D6960}.Debug|Any CPU.ActiveCfg = Debug|x64
		{1A3BA818-4EBE-4427-BF01-6F71BE3D6960}.Debug|Any CPU.Build.0 = Debug|x64
		{1A3BA818-4EBE-4427-BF01-6F71BE3D6960}.Debug|Mixed Platforms.ActiveCfg = Debug|x64
		{1A3BA818-4EBE-4427-BF01-6F71BE3D6960}.Debug|Mixed Platforms.Build.0 = Debug|x64
		{1A3BA818-4EBE-4427-BF01-6F71BE3D6960}.Debug|Win32.ActiveCfg = Debug|x64
		{1A3BA818-4EBE-4427-BF01-6F71BE3D6960}.Debug|x64.ActiveCfg = Debug|x64
		{1A3BA818-4EBE-4427-BF01-6F71BE3D6960}.Debug|x64.Build.0 = Debug|x64
		{1A3BA818-4EBE-4427-BF01-6F71BE3D6960}.Release|Any CPU.ActiveCfg = Release|x64
		{1A3BA818-4EBE-4427-BF01-6F71BE3D6960}.Release|Any CPU.Build.0 = Release|x64
		{1A3BA818-4EBE-4427-BF01-6F71BE3D6960}.Release|Mixed Platforms.ActiveCfg = Release|x64
		{1A3BA818-4EBE-4427-BF01-6F71BE3D6960}.Release|Mixed Platforms.Build.0 = Release|x64
		{1A3BA818-4EBE-4427-BF01-6F71BE3D6960}.Release|Win32.ActiveCfg = Release|x64
		{1A3BA818-4EBE-4427-BF01-6F71BE3D6960}.Release|x64.ActiveCfg = Release|x64
		{1A3BA818-4EBE-4427-BF01-6F71BE3D6960}.Release|x64.Build.0 = Release|x64
		{5CFF9C2C-D1B2-4455-9577-75B2C72A4739}.Coverage|Any CPU.ActiveCfg = Release|x64
		{5CFF9C2C-D1B2-4455-9577-75B2C72A4739}.Coverage|Mixed Platforms.ActiveCfg = Release|x64
		{5CFF9C2C-D1B2-4455-9577-75B2C72A4739}.Coverage|Mixed Platforms.Build.0 = Release|x64
		{5CFF9C2C-D1B2-4455-9577-75B2C72A4739}.Coverage|Win32.ActiveCfg = Release|x64
		{5CFF9C2C-D1B2-4455-9577-75B2C72A4739}.Coverage|x64.ActiveCfg = Release|x64
		{5CFF9C2C-D1B2-4455-9577-75B2C72A4739}.Coverage|x64.Build.0 = Release|x64
		{5CFF9C2C-D1B2-4455-9577-75B2C72A4739}.Debug|Any CPU.ActiveCfg = Debug|x64
		{5CFF9C2C-D1B2-4455-9577-75B2C72A4739}.Debug|Any CPU.Build.0 = Debug|x64
		{5CFF9C2C-D1B2-4455-9577-75B2C72A4739}.Debug|Mixed Platforms.ActiveCfg = Debug|x64
		{5CFF9C2C-D1B2-4455-9577-75B2C72A4739}.Debug|Mixed Platforms.Build.0 = Debug|x64
		{5CFF9C2C-D1B2-4455-9577-75B2C72A4739}.Debug|Win32.ActiveCfg = Debug|x64
		{5CFF9C2C-D1B2-4455-9577-75B2C72A4739}.Debug|x64.ActiveCfg = Debug|x64
		{5CFF9C2C-D1B2-4455-9577-75B2C72A4739}.Debug|x64.Build.0 = Debug|x64
		{5CFF9C2C-D1B2-4455-9577-75B2C72A4739}.Release|Any CPU.ActiveCfg = Release|x64
		{5CFF9C2C-D1B2-4455-9577-75B2C72A4739}.Release|Any CPU.Build.0 = Release|x64
		{5CFF9C2C-D1B2-4455-9577-75B2C72A4739}.Release|Mixed Platforms.ActiveCfg = Release|x64
		{5CFF9C2C-D1B2-4455-9577-75B2C72A4739}.Release|Mixed Platforms.Build.0 = Release|x64
		{5CFF9C2C-D1B2-4455-9577-75B2C72A4739}.Release|Win32.ActiveCfg = Release|x64
		{5CFF9C2C-D1B2-4455-9577-75B2C72A4739}.Release|x64.ActiveCfg = Release|x64
		{5CFF9C2C-D1B2-4455-9577-75B2C72A4739}.Release|x64.Build.0 = Release|x64
		{EC2DA998-9548-4440-BA9D-01E96901CB6C}.Coverage|Any CPU.ActiveCfg = Release|x64
		{EC2DA998-9548-4440-BA9D-01E96901CB6C}.Coverage|Mixed Platforms.ActiveCfg = Release|x64
		{EC2DA998-9548-4440-BA9D-01E96901CB6C}.Coverage|Mixed Platforms.Build.0 = Release|x64
		{EC2DA998-9548-4440-BA9D-01E96901CB6C}.Coverage|Win32.ActiveCfg = Release|x64
		{EC2DA998-9548-4440-BA9D-01E96901CB6C}.Coverage|x64.ActiveCfg = Release|x64
		{EC2DA998-9548-4440-BA9D-01E96901CB6C}.Coverage|x64.Build.0 = Release|x64
		{EC2DA998-9548-4440-BA9D-01E96901CB6C}.Debug|Any CPU.ActiveCfg = Debug|x64
		{EC2DA998-9548-4440-BA9D-01E96901CB6C}.Debug|Any CPU.Build.0 = Debug|x64
		{EC2DA998-9548-4440-BA9D-01E96901CB6C}.Debug|Mixed Platforms.ActiveCfg = Debug|x64
		{EC2DA998-9548-4440-BA9D-01E96901CB6C}.Debug|Mixed Platforms.Build.0 = Debug|x64
		{EC2DA998-9548-4440-BA9D-01E96901CB6C}.Debug|Win32.ActiveCfg = Debug|x64
		{EC2DA998-9548-4440-BA9D-01E96901CB6C}.Debug|x64.ActiveCfg = Debug|x64
		{EC2DA998-9548-4440-BA9D-01E96901CB6C}.Debug|x64.Build.0 = Debug|x64
		{EC2DA998-9548-4440-BA9D-01E96901CB6C}.Release|Any CPU.ActiveCfg = Release|x64
		{EC2DA998-9548-4440-BA9D-01E96901CB6C}.Release|Any CPU.Build.0 = Release|x64
		{EC2DA998-9548-4440-BA9D-01E96901CB6C}.Release|Mixed Platforms.ActiveCfg = Release|x64
		{EC2DA998-9548-4440-BA9D-01E96901CB6C}.Release|Mixed Platforms.Build.0 = Release|x64
		{EC2DA998-9548-4440-BA9D-01E96901CB6C}.Release|Win32.ActiveCfg = Release|x64
		{EC2DA998-9548-4440-BA9D-01E96901CB6C}.Release|x64.ActiveCfg = Release|x64
		{EC2DA998-9548-4440-BA9D-01E96901CB6C}.Release|x64.Build.0 = Release|x64
		{83EBF6C9-58AC-467C-95A3-379B4CE86473}.Coverage|Any CPU.ActiveCfg = Release|x64
		{83EBF6C9-58AC-467C-95A3-379B4CE86473}.Coverage|Mixed Platforms.ActiveCfg = Release|x64
		{83EBF6C9-58AC-467C-95A3-379B4CE86473}.Coverage|Mixed Platforms.Build.0 = Release|x64
		{83EBF6C9-58AC-467C-95A3-379B4CE86473}.Coverage|Win32.ActiveCfg = Release|x64
		{83EBF6C9-58AC-467C-95A3-379B4CE86473}.Coverage|x64.ActiveCfg = Release|x64
		{83EBF6C9-58AC-467C-95A3-379B4CE86473}.Coverage|x64.Build.0 = Release|x64
		{83EBF6C9-58AC-467C-95A3-379B4CE86473}.Debug|Any CPU.ActiveCfg = Debug|x64
		{83EBF6C9-58AC-467C-95A3-379B4CE86473}.Debug|Any CPU.Build.0 = Debug|x64
		{83EBF6C9-58AC-467C-95A3-379B4CE86473}.Debug|Mixed Platforms.ActiveCfg = Debug|x64
		{83EBF6C9-58AC-467C-95A3-379B4CE86473}.Debug|Mixed Platforms.Build.0 = Debug|x64
		{83EBF6C9-58AC-467C-95A3-379B4CE86473}.Debug|Win32.ActiveCfg = Debug|x64
		{83EBF6C9-58AC-467C-95A3-379B4CE86473}.Debug|x64.ActiveCfg = Debug|x64
		{83EBF6C9-58AC-467C-95A3-379B4CE86473}.Debug|x64.Build.0 = Debug|x64
		{83EBF6C9-58AC-467C-95A3-379B4CE86473}.Release|Any CPU.ActiveCfg = Release|x64
		{83EBF6C9-58AC-467C-95A3-379B4CE86473}.Release|Any CPU.Build.0 = Release|x64
		{83EBF6C9-58AC-467C-95A3-379B4CE86473}.Release|Mixed Platforms.ActiveCfg = Release|x64
		{83EBF6C9-58AC-467C-95A3-379B4CE86473}.Release|Mixed Platforms.Build.0 = Release|x64
		{83EBF6C9-58AC-467C-95A3-379B4CE86473}.Release|Win32.ActiveCfg = Release|x64
		{83EBF6C9-58AC-467C-95A3-379B4CE86473}.Release|x64.ActiveCfg = Release|x64
		{83EBF6C9-58AC-467C-95A3-379B4CE86473}.Release|x64.Build.0 = Release|x64
		{74575CB9-E28A-4191-9543-D60D71ECC75E}.Coverage|Any CPU.ActiveCfg = Release|x64
		{74575CB9-E28A-4191-9543-D60D71ECC75E}.Coverage|Mixed Platforms.ActiveCfg = Release|x64
		{74575CB9-E28A-4191-9543-D60D71ECC75E}.Coverage|Mixed Platforms.Build.0 = Release|x64
		{74575CB9-E28A-4191-9543-D60D71ECC75E}.Coverage|Win32.ActiveCfg = Release|x64
		{74575CB9-E28A-4191-9543-D60D71ECC75E}.Coverage|x64.ActiveCfg = Release|x64
		{74575CB9-E28A-4191-9543-D60D71ECC75E}.Coverage|x64.Build.0 = Release|x64
		{74575CB9-E28A-4191-9543-D60D71ECC75E}.Debug|Any CPU.ActiveCfg = Debug|x64
		{74575CB9-E28A-4191-9543-D60D71ECC75E}.Debug|Any CPU.Build.0 = Debug|x64
		{74575CB9-E28A-4191-9543-D60D71ECC75E}.Debug|Mixed Platforms.ActiveCfg = Debug|x64
		{74575CB9-E28A-4191-9543-D60D71ECC75E}.Debug|Mixed Platforms.Build.0 = Debug|x64
		{74575CB9-E28A-4191-9543-D60D71ECC75E}.Debug|Win32.ActiveCfg = Debug|x64
		{74575CB9-E28A-4191-9543-D60D71ECC75E}.Debug|x64.ActiveCfg = Debug|x64
		{74575CB9-E28A-4191-9543-D60D71ECC75E}.Debug|x64.Build.0 = Debug|x64
		{74575CB9-E28A-4191-9543-D60D71ECC75E}.Release|Any CPU.ActiveCfg = Release|x64
		{74575CB9-E28A-4191-9543-D60D71ECC75E}.Release|Any CPU.Build.0 = Release|x64
		{74575CB9-E28A-4191-9543-D60D71ECC75E}.Release|Mixed Platforms.ActiveCfg = Release|x64
		{74575CB9-E28A-4191-9543-D60D71ECC75E}.Release|Mixed Platforms.Build.0 = Release|x64
		{74575CB9-E28A-4191-9543-D60D71ECC75E}.Release|Win32.ActiveCfg = Release|x64
		{74575CB9-E28A-4191-9543-D60D71ECC75E}.Release|x64.ActiveCfg = Release|x64
		{74575CB9-E28A-4191-9543-D60D71ECC75E}.Release|x64.Build.0 = Release|x64
		{5567D65D-357A-4007-8B8C-E16A1F41EEB8}.Coverage|Any CPU.ActiveCfg = Release|x64
		{5567D65D-357A-4007-8B8C-E16A1F41EEB8}.Coverage|Mixed Platforms.ActiveCfg = Release|x64
		{5567D65D-357A-4007-8B8C-E16A1F41EEB8}.Coverage|Mixed Platforms.Build.0 = Release|x64
		{5567D65D-357A-4007-8B8C-E16A1F41EEB8}.Coverage|Win32.ActiveCfg = Release|x64
		{5567D65D-357A-4007-8B8C-E16A1F41EEB8}.Coverage|x64.ActiveCfg = Release|x64
		{5567D65D-357A-4007-8B8C-E16A1F41EEB8}.Coverage|x64.Build.0 = Release|x64
		{5567D65D-357A-4007-8B8C-E16A1F41EEB8}.Debug|Any CPU.ActiveCfg = Debug|x64
		{5567D65D-357A-4007-8B8C-E16A1F41EEB8}.Debug|Any CPU.Build.0 = Debug|x64
		{5567D65D-357A-4007-8B8C-E16A1F41EEB8}.Debug|Mixed Platforms.ActiveCfg = Debug|x64
		{5567D65D-357A-4007-8B8C-E16A1F41EEB8}.Debug|Mixed Platforms.Build.0 = Debug|x64
		{5567D65D-357A-4007-8B8C-E16A1F41EEB8}.Debug|Win32.ActiveCfg = Debug|x64
		{5567D65D-357A-4007-8B8C-E16A1F41EEB8}.Debug|x64.ActiveCfg = Debug|x64
		{5567D65D-357A-4007-8B8C-E16A1F41EEB8}.Debug|x64.Build.0 = Debug|x64
		{5567D65D-357A-4007-8B8C-E16A1F41EEB8}.Release|Any CPU.ActiveCfg = Release|x64
		{5567D65D-357A-4007-8B8C-E16A1F41EEB8}.Release|Any CPU.Build.0 = Release|x64
		{5567D65D-357A-4007-8B8C-E16A1F41EEB8}.Release|Mixed Platforms.ActiveCfg = Release|x64
		{5567D65D-357A-4007-8B8C-E16A1F41EEB8}.Release|Mixed Platforms.Build.0 = Release|x64
		{5567D65D-357A-4007-8B8C-E16A1F41EEB8}.Release|Win32.ActiveCfg = Release|x64
		{5567D65D-357A-4007-8B8C-E16A1F41EEB8}.Release|x64.ActiveCfg = Release|x64
		{5567D65D-357A-4007-8B8C-E16A1F41EEB8}.Release|x64.Build.0 = Release|x64
		{349B89F6-380B-4607-BD79-9784075C2FE0}.Coverage|Any CPU.ActiveCfg = Release|x64
		{349B89F6-380B-4607-BD79-9784075C2FE0}.Coverage|Mixed Platforms.ActiveCfg = Release|x64
		{349B89F6-380B-4607-BD79-9784075C2FE0}.Coverage|Mixed Platforms.Build.0 = Release|x64
		{349B89F6-380B-4607-BD79-9784075C2FE0}.Coverage|Win32.ActiveCfg = Release|x64
		{349B89F6-380B-4607-BD79-9784075C2FE0}.Coverage|x64.ActiveCfg = Release|x64
		{349B89F6-380B-4607-BD79-9784075C2FE0}.Coverage|x64.Build.0 = Release|x64
		{349B89F6-380B-4607-BD79-9784075C2FE0}.Debug|Any CPU.ActiveCfg = Debug|x64
		{349B89F6-380B-4607-BD79-9784075C2FE0}.Debug|Any CPU.Build.0 = Debug|x64
		{349B89F6-380B-4607-BD79-9784075C2FE0}.Debug|Mixed Platforms.ActiveCfg = Debug|x64
		{349B89F6-380B-4607-BD79-9784075C2FE0}.Debug|Mixed Platforms.Build.0 = Debug|x64
		{349B89F6-380B-4607-BD79-9784075C2FE0}.Debug|Win32.ActiveCfg = Debug|x64
		{349B89F6-380B-4607-BD79-9784075C2FE0}.Debug|x64.ActiveCfg = Debug|x64
		{349B89F6-380B-4607-BD79-9784075C2FE0}.Debug|x64.Build.0 = Debug|x64
		{349B89F6-380B-4607-BD79-9784075C2FE0}.Release|Any CPU.ActiveCfg = Release|x64
		{349B89F6-380B-4607-BD79-9784075C2FE0}.Release|Any CPU.Build.0 = Release|x64
		{349B89F6-380B-4607-BD79-9784075C2FE0}.Release|Mixed Platforms.ActiveCfg = Release|x64
		{349B89F6-380B-4607-BD79-9784075C2FE0}.Release|Mixed Platforms.Build.0 = Release|x64
		{349B89F6-380B-4607-BD79-9784075C2FE0}.Release|Win32.ActiveCfg = Release|x64
		{349B89F6-380B-4607-BD79-9784075C2FE0}.Release|x64.ActiveCfg = Release|x64
		{349B89F6-380B-4607-BD79-9784075C2FE0}.Release|x64.Build.0 = Release|x64
		{FE1354B2-2C8A-4E06-8C84-5FC8F5124B86}.Coverage|Any CPU.ActiveCfg = Release|x64
		{FE1354B2-2C8A-4E06-8C84-5FC8F5124B86}.Coverage|Mixed Platforms.ActiveCfg = Release|x64
		{FE1354B2-2C8A-4E06-8C84-5FC8F5124B86}.Coverage|Mixed Platforms.Build.0 = Release|x64
		{FE1354B2-2C8A-4E06-8C84-5FC8F5124B86}.Coverage|Win32.ActiveCfg = Release|x64
		{FE1354B2-2C8A-4E06-8C84-5FC8F5124B86}.Coverage|x64.ActiveCfg = Release|x64
		{FE1354B2-2C8A-4E06-8C84-5FC8F5124B86}.Coverage|x64.Build.0 = Release|x64
		{FE1354B2-2C8A-4E06-8C84-5FC8F5124B86}.Debug|Any CPU.ActiveCfg = Debug|x64
		{FE1354B2-2C8A-4E06-8C84-5FC8F5124B86}.Debug|Any CPU.Build.0 = Debug|x64
		{FE1354B2-2C8A-4E06-8C84-5FC8F5124B86}.Debug|Mixed Platforms.ActiveCfg = Debug|x64
		{FE1354B2-2C8A-4E06-8C84-5FC8F5124B86}.Debug|Mixed Platforms.Build.0 = Debug|x64
		{FE1354B2-2C8A-4E06-8C84-5FC8F5124B86}.Debug|Win32.ActiveCfg = Debug|x64
		{FE1354B2-2C8A-4E06-8C84-5FC8F5124B86}.Debug|x64.ActiveCfg = Debug|x64
		{FE1354B2-2C8A-4E06-8C84-5FC8F5124B86}.Debug|x64.Build.0 = Debug|x64
		{FE1354B2-2C8A-4E06-8C84-5FC8F5124B86}.Release|Any CPU.ActiveCfg = Release|x64
		{FE1354B2-2C8A-4E06-8C84-5FC8F5124B86}.Release|Any CPU.Build.0 = Release|x64
		{FE1354B2-2C8A-4E06-8C84-5FC8F5124B86}.Release|Mixed Platforms.ActiveCfg = Release|x64
		{FE1354B2-2C8A-4E06-8C84-5FC8F5124B86}.Release|Mixed Platforms.Build.0 = Release|x64
		{FE1354B2-2C8A-4E06-8C84-5FC8F5124B86}.Release|Win32.ActiveCfg = Release|x64
		{FE1354B2-2C8A-4E06-8C84-5FC8F5124B86}.Release|x64.ActiveCfg = Release|x64
		{FE1354B2-2C8A-4E06-8C84-5FC8F5124B86}.Release|x64.Build.0 = Release|x64
		{24074395-0196-4204-B516-CB6DBA2FC4B9}.Coverage|Any CPU.ActiveCfg = Release|Any CPU
		{24074395-0196-4204-B516-CB6DBA2FC4B9}.Coverage|Any CPU.Build.0 = Release|Any CPU
		{24074395-0196-4204-B516-CB6DBA2FC4B9}.Coverage|Mixed Platforms.ActiveCfg = Release|Any CPU
		{24074395-0196-4204-B516-CB6DBA2FC4B9}.Coverage|Mixed Platforms.Build.0 = Release|Any CPU
		{24074395-0196-4204-B516-CB6DBA2FC4B9}.Coverage|Win32.ActiveCfg = Release|Any CPU
		{24074395-0196-4204-B516-CB6DBA2FC4B9}.Coverage|x64.ActiveCfg = Release|Any CPU
		{24074395-0196-4204-B516-CB6DBA2FC4B9}.Debug|Any CPU.ActiveCfg = Debug|Any CPU
		{24074395-0196-4204-B516-CB6DBA2FC4B9}.Debug|Any CPU.Build.0 = Debug|Any CPU
		{24074395-0196-4204-B516-CB6DBA2FC4B9}.Debug|Mixed Platforms.ActiveCfg = Debug|Any CPU
		{24074395-0196-4204-B516-CB6DBA2FC4B9}.Debug|Mixed Platforms.Build.0 = Debug|Any CPU
		{24074395-0196-4204-B516-CB6DBA2FC4B9}.Debug|Win32.ActiveCfg = Debug|Any CPU
		{24074395-0196-4204-B516-CB6DBA2FC4B9}.Debug|x64.ActiveCfg = Debug|Any CPU
		{24074395-0196-4204-B516-CB6DBA2FC4B9}.Debug|x64.Build.0 = Debug|Any CPU
		{24074395-0196-4204-B516-CB6DBA2FC4B9}.Release|Any CPU.ActiveCfg = Release|Any CPU
		{24074395-0196-4204-B516-CB6DBA2FC4B9}.Release|Any CPU.Build.0 = Release|Any CPU
		{24074395-0196-4204-B516-CB6DBA2FC4B9}.Release|Mixed Platforms.ActiveCfg = Release|Any CPU
		{24074395-0196-4204-B516-CB6DBA2FC4B9}.Release|Mixed Platforms.Build.0 = Release|Any CPU
		{24074395-0196-4204-B516-CB6DBA2FC4B9}.Release|Win32.ActiveCfg = Release|Any CPU
		{24074395-0196-4204-B516-CB6DBA2FC4B9}.Release|x64.ActiveCfg = Release|Any CPU
		{5587ACC7-96E6-4D67-903A-EE3C799C4D7A}.Coverage|Any CPU.ActiveCfg = Release|x64
		{5587ACC7-96E6-4D67-903A-EE3C799C4D7A}.Coverage|Mixed Platforms.ActiveCfg = Release|x64
		{5587ACC7-96E6-4D67-903A-EE3C799C4D7A}.Coverage|Mixed Platforms.Build.0 = Release|x64
		{5587ACC7-96E6-4D67-903A-EE3C799C4D7A}.Coverage|Win32.ActiveCfg = Release|x64
		{5587ACC7-96E6-4D67-903A-EE3C799C4D7A}.Coverage|x64.ActiveCfg = Release|x64
		{5587ACC7-96E6-4D67-903A-EE3C799C4D7A}.Coverage|x64.Build.0 = Release|x64
		{5587ACC7-96E6-4D67-903A-EE3C799C4D7A}.Debug|Any CPU.ActiveCfg = Debug|x64
		{5587ACC7-96E6-4D67-903A-EE3C799C4D7A}.Debug|Any CPU.Build.0 = Debug|x64
		{5587ACC7-96E6-4D67-903A-EE3C799C4D7A}.Debug|Mixed Platforms.ActiveCfg = Debug|x64
		{5587ACC7-96E6-4D67-903A-EE3C799C4D7A}.Debug|Mixed Platforms.Build.0 = Debug|x64
		{5587ACC7-96E6-4D67-903A-EE3C799C4D7A}.Debug|Win32.ActiveCfg = Debug|x64
		{5587ACC7-96E6-4D67-903A-EE3C799C4D7A}.Debug|x64.ActiveCfg = Debug|x64
		{5587ACC7-96E6-4D67-903A-EE3C799C4D7A}.Debug|x64.Build.0 = Debug|x64
		{5587ACC7-96E6-4D67-903A-EE3C799C4D7A}.Release|Any CPU.ActiveCfg = Release|x64
		{5587ACC7-96E6-4D67-903A-EE3C799C4D7A}.Release|Any CPU.Build.0 = Release|x64
		{5587ACC7-96E6-4D67-903A-EE3C799C4D7A}.Release|Mixed Platforms.ActiveCfg = Release|x64
		{5587ACC7-96E6-4D67-903A-EE3C799C4D7A}.Release|Mixed Platforms.Build.0 = Release|x64
		{5587ACC7-96E6-4D67-903A-EE3C799C4D7A}.Release|Win32.ActiveCfg = Release|x64
		{5587ACC7-96E6-4D67-903A-EE3C799C4D7A}.Release|x64.ActiveCfg = Release|x64
		{5587ACC7-96E6-4D67-903A-EE3C799C4D7A}.Release|x64.Build.0 = Release|x64
		{5C751E40-4A12-4FBC-9ABD-CB10C7CD719D}.Coverage|Any CPU.ActiveCfg = Release|x64
		{5C751E40-4A12-4FBC-9ABD-CB10C7CD719D}.Coverage|Mixed Platforms.ActiveCfg = Release|x64
		{5C751E40-4A12-4FBC-9ABD-CB10C7CD719D}.Coverage|Mixed Platforms.Build.0 = Release|x64
		{5C751E40-4A12-4FBC-9ABD-CB10C7CD719D}.Coverage|Win32.ActiveCfg = Release|x64
		{5C751E40-4A12-4FBC-9ABD-CB10C7CD719D}.Coverage|x64.ActiveCfg = Release|x64
		{5C751E40-4A12-4FBC-9ABD-CB10C7CD719D}.Coverage|x64.Build.0 = Release|x64
		{5C751E40-4A12-4FBC-9ABD-CB10C7CD719D}.Debug|Any CPU.ActiveCfg = Debug|x64
		{5C751E40-4A12-4FBC-9ABD-CB10C7CD719D}.Debug|Any CPU.Build.0 = Debug|x64
		{5C751E40-4A12-4FBC-9ABD-CB10C7CD719D}.Debug|Mixed Platforms.ActiveCfg = Debug|x64
		{5C751E40-4A12-4FBC-9ABD-CB10C7CD719D}.Debug|Mixed Platforms.Build.0 = Debug|x64
		{5C751E40-4A12-4FBC-9ABD-CB10C7CD719D}.Debug|Win32.ActiveCfg = Debug|x64
		{5C751E40-4A12-4FBC-9ABD-CB10C7CD719D}.Debug|x64.ActiveCfg = Debug|x64
		{5C751E40-4A12-4FBC-9ABD-CB10C7CD719D}.Debug|x64.Build.0 = Debug|x64
		{5C751E40-4A12-4FBC-9ABD-CB10C7CD719D}.Release|Any CPU.ActiveCfg = Release|x64
		{5C751E40-4A12-4FBC-9ABD-CB10C7CD719D}.Release|Any CPU.Build.0 = Release|x64
		{5C751E40-4A12-4FBC-9ABD-CB10C7CD719D}.Release|Mixed Platforms.ActiveCfg = Release|x64
		{5C751E40-4A12-4FBC-9ABD-CB10C7CD719D}.Release|Mixed Platforms.Build.0 = Release|x64
		{5C751E40-4A12-4FBC-9ABD-CB10C7CD719D}.Release|Win32.ActiveCfg = Release|x64
		{5C751E40-4A12-4FBC-9ABD-CB10C7CD719D}.Release|x64.ActiveCfg = Release|x64
		{5C751E40-4A12-4FBC-9ABD-CB10C7CD719D}.Release|x64.Build.0 = Release|x64
		{86BE95B5-CA9C-4BF6-A7ED-6A40F8F061CF}.Coverage|Any CPU.ActiveCfg = Release|x64
		{86BE95B5-CA9C-4BF6-A7ED-6A40F8F061CF}.Coverage|Any CPU.Build.0 = Release|x64
		{86BE95B5-CA9C-4BF6-A7ED-6A40F8F061CF}.Coverage|Mixed Platforms.ActiveCfg = Release|x64
		{86BE95B5-CA9C-4BF6-A7ED-6A40F8F061CF}.Coverage|Mixed Platforms.Build.0 = Release|x64
		{86BE95B5-CA9C-4BF6-A7ED-6A40F8F061CF}.Coverage|Win32.ActiveCfg = Release|x64
		{86BE95B5-CA9C-4BF6-A7ED-6A40F8F061CF}.Coverage|Win32.Build.0 = Release|x64
		{86BE95B5-CA9C-4BF6-A7ED-6A40F8F061CF}.Coverage|x64.ActiveCfg = Release|x64
		{86BE95B5-CA9C-4BF6-A7ED-6A40F8F061CF}.Coverage|x64.Build.0 = Release|x64
		{86BE95B5-CA9C-4BF6-A7ED-6A40F8F061CF}.Debug|Any CPU.ActiveCfg = Debug|x64
		{86BE95B5-CA9C-4BF6-A7ED-6A40F8F061CF}.Debug|Any CPU.Build.0 = Debug|x64
		{86BE95B5-CA9C-4BF6-A7ED-6A40F8F061CF}.Debug|Mixed Platforms.ActiveCfg = Debug|x64
		{86BE95B5-CA9C-4BF6-A7ED-6A40F8F061CF}.Debug|Mixed Platforms.Build.0 = Debug|x64
		{86BE95B5-CA9C-4BF6-A7ED-6A40F8F061CF}.Debug|Win32.ActiveCfg = Debug|x64
		{86BE95B5-CA9C-4BF6-A7ED-6A40F8F061CF}.Debug|x64.ActiveCfg = Debug|x64
		{86BE95B5-CA9C-4BF6-A7ED-6A40F8F061CF}.Debug|x64.Build.0 = Debug|x64
		{86BE95B5-CA9C-4BF6-A7ED-6A40F8F061CF}.Release|Any CPU.ActiveCfg = Release|x64
		{86BE95B5-CA9C-4BF6-A7ED-6A40F8F061CF}.Release|Mixed Platforms.ActiveCfg = Release|x64
		{86BE95B5-CA9C-4BF6-A7ED-6A40F8F061CF}.Release|Mixed Platforms.Build.0 = Release|x64
		{86BE95B5-CA9C-4BF6-A7ED-6A40F8F061CF}.Release|Win32.ActiveCfg = Release|x64
		{86BE95B5-CA9C-4BF6-A7ED-6A40F8F061CF}.Release|x64.ActiveCfg = Release|x64
		{86BE95B5-CA9C-4BF6-A7ED-6A40F8F061CF}.Release|x64.Build.0 = Release|x64
		{7596203A-3CC8-487C-AFD4-6A6A29F72996}.Coverage|Any CPU.ActiveCfg = Release|x64
		{7596203A-3CC8-487C-AFD4-6A6A29F72996}.Coverage|Any CPU.Build.0 = Release|x64
		{7596203A-3CC8-487C-AFD4-6A6A29F72996}.Coverage|Mixed Platforms.ActiveCfg = Release|x64
		{7596203A-3CC8-487C-AFD4-6A6A29F72996}.Coverage|Mixed Platforms.Build.0 = Release|x64
		{7596203A-3CC8-487C-AFD4-6A6A29F72996}.Coverage|Win32.ActiveCfg = Release|x64
		{7596203A-3CC8-487C-AFD4-6A6A29F72996}.Coverage|Win32.Build.0 = Release|x64
		{7596203A-3CC8-487C-AFD4-6A6A29F72996}.Coverage|x64.ActiveCfg = Release|x64
		{7596203A-3CC8-487C-AFD4-6A6A29F72996}.Coverage|x64.Build.0 = Release|x64
		{7596203A-3CC8-487C-AFD4-6A6A29F72996}.Debug|Any CPU.ActiveCfg = Debug|x64
		{7596203A-3CC8-487C-AFD4-6A6A29F72996}.Debug|Any CPU.Build.0 = Debug|x64
		{7596203A-3CC8-487C-AFD4-6A6A29F72996}.Debug|Mixed Platforms.ActiveCfg = Debug|x64
		{7596203A-3CC8-487C-AFD4-6A6A29F72996}.Debug|Mixed Platforms.Build.0 = Debug|x64
		{7596203A-3CC8-487C-AFD4-6A6A29F72996}.Debug|Win32.ActiveCfg = Debug|x64
		{7596203A-3CC8-487C-AFD4-6A6A29F72996}.Debug|x64.ActiveCfg = Debug|x64
		{7596203A-3CC8-487C-AFD4-6A6A29F72996}.Debug|x64.Build.0 = Debug|x64
		{7596203A-3CC8-487C-AFD4-6A6A29F72996}.Release|Any CPU.ActiveCfg = Release|x64
		{7596203A-3CC8-487C-AFD4-6A6A29F72996}.Release|Mixed Platforms.ActiveCfg = Release|x64
		{7596203A-3CC8-487C-AFD4-6A6A29F72996}.Release|Mixed Platforms.Build.0 = Release|x64
		{7596203A-3CC8-487C-AFD4-6A6A29F72996}.Release|Win32.ActiveCfg = Release|x64
		{7596203A-3CC8-487C-AFD4-6A6A29F72996}.Release|x64.ActiveCfg = Release|x64
		{7596203A-3CC8-487C-AFD4-6A6A29F72996}.Release|x64.Build.0 = Release|x64
	EndGlobalSection
	GlobalSection(SolutionProperties) = preSolution
		HideSolutionNode = FALSE
	EndGlobalSection
	GlobalSection(SourceCodeControl) = preSolution
		SccNumberOfProjects = 12
		SccProjectUniqueName0 = ..\\伝匠\\02.Projects\\03.DocumentSDK\\DocumentSDKComponent\\DocumentSDKComponent.vcxproj
		SccProjectName0 = \u0022$/project/02.Projects/03.DocumentSDK/DocumentSDKComponent\u0022,\u0020PJCAAAAA
		SccLocalPath0 = ..\\伝匠\\02.Projects\\03.DocumentSDK\\DocumentSDKComponent
		SccProvider0 = MSSCCI:Microsoft\u0020Visual\u0020SourceSafe
		SccProjectUniqueName1 = ..\\伝匠\\02.Projects\\03.DocumentSDK\\DocumentSDKInterface\\DocumentSDKInterface.vcxproj
		SccProjectName1 = \u0022$/project/02.Projects/03.DocumentSDK/DocumentSDKInterface\u0022,\u0020SJCAAAAA
		SccLocalPath1 = ..\\伝匠\\02.Projects\\03.DocumentSDK\\DocumentSDKInterface
		SccProvider1 = MSSCCI:Microsoft\u0020Visual\u0020SourceSafe
		SccProjectUniqueName2 = ..\\伝匠\\02.Projects\\03.DocumentSDK\\DocumentSDKCommon\\DocumentSDKCommon.vcxproj
		SccProjectName2 = \u0022$/project/02.Projects/03.DocumentSDK/DocumentSDKCommon\u0022,\u0020DJCAAAAA
		SccLocalPath2 = ..\\伝匠\\02.Projects\\03.DocumentSDK\\DocumentSDKCommon
		SccProvider2 = MSSCCI:Microsoft\u0020Visual\u0020SourceSafe
		SccProjectUniqueName3 = ..\\伝匠\\02.Projects\\03.DocumentSDK\\HocrSDKInterface\\HocrSDKInterface.vcxproj
		SccProjectName3 = \u0022$/project/02.Projects/03.DocumentSDK/HocrSDKInterface\u0022,\u0020KRBAAAAA
		SccLocalPath3 = ..\\伝匠\\02.Projects\\03.DocumentSDK\\HocrSDKInterface
		SccProvider3 = MSSCCI:Microsoft\u0020Visual\u0020SourceSafe
		SccProjectUniqueName4 = ..\\伝匠\\02.Projects\\03.DocumentSDK\\HocrSDKComponent\\HocrSDKComponent.vcxproj
		SccProjectName4 = \u0022$/project/02.Projects/03.DocumentSDK/HocrSDKComponent\u0022,\u0020XWBAAAAA
		SccLocalPath4 = ..\\伝匠\\02.Projects\\03.DocumentSDK\\HocrSDKComponent
		SccProvider4 = MSSCCI:Microsoft\u0020Visual\u0020SourceSafe
		SccProjectUniqueName5 = ..\\伝匠\\02.Projects\\03.DocumentSDK\\JocrSDKInterface\\JocrSDKInterface.vcxproj
		SccProjectName5 = \u0022$/project/02.Projects/03.DocumentSDK/JocrSDKInterface\u0022,\u0020ROBAAAAA
		SccLocalPath5 = ..\\伝匠\\02.Projects\\03.DocumentSDK\\JocrSDKInterface
		SccProvider5 = MSSCCI:Microsoft\u0020Visual\u0020SourceSafe
		SccProjectUniqueName6 = ..\\伝匠\\02.Projects\\03.DocumentSDK\\JocrSDKComponent\\JocrSDKComponent.vcxproj
		SccProjectName6 = \u0022$/project/02.Projects/03.DocumentSDK/JocrSDKComponent\u0022,\u0020TQBAAAAA
		SccLocalPath6 = ..\\伝匠\\02.Projects\\03.DocumentSDK\\JocrSDKComponent
		SccProvider6 = MSSCCI:Microsoft\u0020Visual\u0020SourceSafe
		SccProjectUniqueName7 = ..\\伝匠\\02.Projects\\02.Libs\\DenshowNativeCommon\\DenshowNativeCommon.vcxproj
		SccProjectName7 = \u0022$/project/02.Projects/02.Libs/DenshowNativeCommon\u0022,\u0020UYDAAAAA
		SccLocalPath7 = ..\\伝匠\\02.Projects\\02.Libs\\DenshowNativeCommon
		SccProvider7 = MSSCCI:Microsoft\u0020Visual\u0020SourceSafe
		SccProjectUniqueName8 = ..\\伝匠\\02.Projects\\03.DocumentSDK\\FormSDKInterface\\FormSDKInterface.vcxproj
		SccProjectName8 = \u0022$/project/02.Projects/03.DocumentSDK/FormSDKInterface\u0022,\u0020HRBAAAAA
		SccLocalPath8 = ..\\伝匠\\02.Projects\\03.DocumentSDK\\FormSDKInterface
		SccProvider8 = MSSCCI:Microsoft\u0020Visual\u0020SourceSafe
		SccProjectUniqueName9 = ..\\伝匠\\02.Projects\\03.DocumentSDK\\FormSDKComponent\\FormSDKComponent.vcxproj
		SccProjectName9 = \u0022$/project/02.Projects/03.DocumentSDK/FormSDKComponent\u0022,\u0020KWBAAAAA
		SccLocalPath9 = ..\\伝匠\\02.Projects\\03.DocumentSDK\\FormSDKComponent
		SccProvider9 = MSSCCI:Microsoft\u0020Visual\u0020SourceSafe
		SccProjectUniqueName10 = ..\\伝匠\\02.Projects\\03.DocumentSDK\\DoOcrSDKInterface\\DoOcrSDKInterface.vcxproj
		SccProjectName10 = \u0022$/project/02.Projects/03.DocumentSDK/DoOcrSDKInterface\u0022,\u0020XQFAAAAA
		SccLocalPath10 = ..\\伝匠\\02.Projects\\03.DocumentSDK\\DoOcrSDKInterface
		SccProvider10 = MSSCCI:Microsoft\u0020Visual\u0020SourceSafe
		SccProjectUniqueName11 = ..\\伝匠\\02.Projects\\03.DocumentSDK\\DoOcrSDKComponent\\DoOcrSDKComponent.vcxproj
		SccProjectName11 = \u0022$/project/02.Projects/03.DocumentSDK/DoOcrSDKComponent\u0022,\u0020UQFAAAAA
		SccLocalPath11 = ..\\伝匠\\02.Projects\\03.DocumentSDK\\DoOcrSDKComponent
		SccProvider11 = MSSCCI:Microsoft\u0020Visual\u0020SourceSafe
	EndGlobalSection
EndGlobal
